
Microsoft Visual Studio Solution File, Format Version 12.00
# Visual Studio Version 17
VisualStudioVersion = 17.12.35527.113 d17.12
MinimumVisualStudioVersion = 10.0.40219.1
Project("{FAE04EC0-301F-11D3-BF4B-00C04F79EFBC}") = "ReportStock", "ReportStock\ReportStock.csproj", "{379CFEB4-83A7-47BE-86D6-25A1699EBD34}"
EndProject
Global
	GlobalSection(SolutionConfigurationPlatforms) = preSolution
		Debug|Any CPU = Debug|Any CPU
		Release|Any CPU = Release|Any CPU
	EndGlobalSection
	GlobalSection(ProjectConfigurationPlatforms) = postSolution
		{379CFEB4-83A7-47BE-86D6-25A1699EBD34}.Debug|Any CPU.ActiveCfg = Debug|Any CPU
		{379CFEB4-83A7-47BE-86D6-25A1699EBD34}.Debug|Any CPU.Build.0 = Debug|Any CPU
		{379CFEB4-83A7-47BE-86D6-25A1699EBD34}.Release|Any CPU.ActiveCfg = Release|Any CPU
		{379CFEB4-83A7-47BE-86D6-25A1699EBD34}.Release|Any CPU.Build.0 = Release|Any CPU
	EndGlobalSection
	GlobalSection(SolutionProperties) = preSolution
		HideSolutionNode = FALSE
	EndGlobalSection
EndGlobal
